PODS:
  - InteractiveSideMenu (2.3)
  - MarqueeLabel (4.0.5)

DEPENDENCIES:
  - InteractiveSideMenu
  - MarqueeLabel

SPEC REPOS:
  trunk:
    - InteractiveSideMenu
    - MarqueeLabel

SPEC CHECKSUMS:
  InteractiveSideMenu: d503a508c6d62a4d5d4372d9fb9e1795637a8e45
  MarqueeLabel: 00cc0bcd087111dca575878b3531af980559707d

PODFILE CHECKSUM: 3e6393abd36c948cb404460ab5caca5417f90e70

COCOAPODS: 1.10.1
