// !$*UTF8*$!
{
	archiveVersion = 1;
	classes = {
	};
	objectVersion = 50;
	objects = {

/* Begin PBXBuildFile section */
		EC13F67725DD64F40019BAA0 /* AppDelegate.swift in Sources */ = {isa = PBXBuildFile; fileRef = EC13F67625DD64F40019BAA0 /* AppDelegate.swift */; };
		EC13F67925DD64F40019BAA0 /* SceneDelegate.swift in Sources */ = {isa = PBXBuildFile; fileRef = EC13F67825DD64F40019BAA0 /* SceneDelegate.swift */; };
		EC13F67B25DD64F40019BAA0 /* ViewController.swift in Sources */ = {isa = PBXBuildFile; fileRef = EC13F67A25DD64F40019BAA0 /* ViewController.swift */; };
		EC13F67E25DD64F40019BAA0 /* Main.storyboard in Resources */ = {isa = PBXBuildFile; fileRef = EC13F67C25DD64F40019BAA0 /* Main.storyboard */; };
		EC13F68025DD64F50019BAA0 /* Assets.xcassets in Resources */ = {isa = PBXBuildFile; fileRef = EC13F67F25DD64F50019BAA0 /* Assets.xcassets */; };
		EC13F68325DD64F50019BAA0 /* LaunchScreen.storyboard in Resources */ = {isa = PBXBuildFile; fileRef = EC13F68125DD64F50019BAA0 /* LaunchScreen.storyboard */; };
/* End PBXBuildFile section */

/* Begin PBXFileReference section */
		EC13F67325DD64F40019BAA0 /* ispitDizajn.app */ = {isa = PBXFileReference; explicitFileType = wrapper.application; includeInIndex = 0; path = ispitDizajn.app; sourceTree = BUILT_PRODUCTS_DIR; };
		EC13F67625DD64F40019BAA0 /* AppDelegate.swift */ = {isa = PBXFileReference; lastKnownFileType = sourcecode.swift; path = AppDelegate.swift; sourceTree = "<group>"; };
		EC13F67825DD64F40019BAA0 /* SceneDelegate.swift */ = {isa = PBXFileReference; lastKnownFileType = sourcecode.swift; path = SceneDelegate.swift; sourceTree = "<group>"; };
		EC13F67A25DD64F40019BAA0 /* ViewController.swift */ = {isa = PBXFileReference; lastKnownFileType = sourcecode.swift; path = ViewController.swift; sourceTree = "<group>"; };
		EC13F67D25DD64F40019BAA0 /* Base */ = {isa = PBXFileReference; lastKnownFileType = file.storyboard; name = Base; path = Base.lproj/Main.storyboard; sourceTree = "<group>"; };
		EC13F67F25DD64F50019BAA0 /* Assets.xcassets */ = {isa = PBXFileReference; lastKnownFileType = folder.assetcatalog; path = Assets.xcassets; sourceTree = "<group>"; };
		EC13F68225DD64F50019BAA0 /* Base */ = {isa = PBXFileReference; lastKnownFileType = file.storyboard; name = Base; path = Base.lproj/LaunchScreen.storyboard; sourceTree = "<group>"; };
		EC13F68425DD64F50019BAA0 /* Info.plist */ = {isa = PBXFileReference; lastKnownFileType = text.plist.xml; path = Info.plist; sourceTree = "<group>"; };
/* End PBXFileReference section */

/* Begin PBXFrameworksBuildPhase section */
		EC13F67025DD64F40019BAA0 /* Frameworks */ = {
			isa = PBXFrameworksBuildPhase;
			buildActionMask = 2147483647;
			files = (
			);
			runOnlyForDeploymentPostprocessing = 0;
		};
/* End PBXFrameworksBuildPhase section */

/* Begin PBXGroup section */
		EC13F66A25DD64F40019BAA0 = {
			isa = PBXGroup;
			children = (
				EC13F67525DD64F40019BAA0 /* ispitDizajn */,
				EC13F67425DD64F40019BAA0 /* Products */,
			);
			sourceTree = "<group>";
		};
		EC13F67425DD64F40019BAA0 /* Products */ = {
			isa = PBXGroup;
			children = (
				EC13F67325DD64F40019BAA0 /* ispitDizajn.app */,
			);
			name = Products;
			sourceTree = "<group>";
		};
		EC13F67525DD64F40019BAA0 /* ispitDizajn */ = {
			isa = PBXGroup;
			children = (
				EC13F67625DD64F40019BAA0 /* AppDelegate.swift */,
				EC13F67825DD64F40019BAA0 /* SceneDelegate.swift */,
				EC13F67A25DD64F40019BAA0 /* ViewController.swift */,
				EC13F67C25DD64F40019BAA0 /* Main.storyboard */,
				EC13F67F25DD64F50019BAA0 /* Assets.xcassets */,
				EC13F68125DD64F50019BAA0 /* LaunchScreen.storyboard */,
				EC13F68425DD64F50019BAA0 /* Info.plist */,
			);
			path = ispitDizajn;
			sourceTree = "<group>";
		};
/* End PBXGroup section */

/* Begin PBXNativeTarget section */
		EC13F67225DD64F40019BAA0 /* ispitDizajn */ = {
			isa = PBXNativeTarget;
			buildConfigurationList = EC13F68725DD64F50019BAA0 /* Build configuration list for PBXNativeTarget "ispitDizajn" */;
			buildPhases = (
				EC13F66F25DD64F40019BAA0 /* Sources */,
				EC13F67025DD64F40019BAA0 /* Frameworks */,
				EC13F67125DD64F40019BAA0 /* Resources */,
			);
			buildRules = (
			);
			dependencies = (
			);
			name = ispitDizajn;
			productName = ispitDizajn;
			productReference = EC13F67325DD64F40019BAA0 /* ispitDizajn.app */;
			productType = "com.apple.product-type.application";
		};
/* End PBXNativeTarget section */

/* Begin PBXProject section */
		EC13F66B25DD64F40019BAA0 /* Project object */ = {
			isa = PBXProject;
			attributes = {
				LastSwiftUpdateCheck = 1230;
				LastUpgradeCheck = 1230;
				TargetAttributes = {
					EC13F67225DD64F40019BAA0 = {
						CreatedOnToolsVersion = 12.3;
					};
				};
			};
			buildConfigurationList = EC13F66E25DD64F40019BAA0 /* Build configuration list for PBXProject "ispitDizajn" */;
			compatibilityVersion = "Xcode 9.3";
			developmentRegion = en;
			hasScannedForEncodings = 0;
			knownRegions = (
				en,
				Base,
			);
			mainGroup = EC13F66A25DD64F40019BAA0;
			productRefGroup = EC13F67425DD64F40019BAA0 /* Products */;
			projectDirPath = "";
			projectRoot = "";
			targets = (
				EC13F67225DD64F40019BAA0 /* ispitDizajn */,
			);
		};
/* End PBXProject section */

/* Begin PBXResourcesBuildPhase section */
		EC13F67125DD64F40019BAA0 /* Resources */ = {
			isa = PBXResourcesBuildPhase;
			buildActionMask = 2147483647;
			files = (
				EC13F68325DD64F50019BAA0 /* LaunchScreen.storyboard in Resources */,
				EC13F68025DD64F50019BAA0 /* Assets.xcassets in Resources */,
				EC13F67E25DD64F40019BAA0 /* Main.storyboard in Resources */,
			);
			runOnlyForDeploymentPostprocessing = 0;
		};
/* End PBXResourcesBuildPhase section */

/* Begin PBXSourcesBuildPhase section */
		EC13F66F25DD64F40019BAA0 /* Sources */ = {
			isa = PBXSourcesBuildPhase;
			buildActionMask = 2147483647;
			files = (
				EC13F67B25DD64F40019BAA0 /* ViewController.swift in Sources */,
				EC13F67725DD64F40019BAA0 /* AppDelegate.swift in Sources */,
				EC13F67925DD64F40019BAA0 /* SceneDelegate.swift in Sources */,
			);
			runOnlyForDeploymentPostprocessing = 0;
		};
/* End PBXSourcesBuildPhase section */

/* Begin PBXVariantGroup section */
		EC13F67C25DD64F40019BAA0 /* Main.storyboard */ = {
			isa = PBXVariantGroup;
			children = (
				EC13F67D25DD64F40019BAA0 /* Base */,
			);
			name = Main.storyboard;
			sourceTree = "<group>";
		};
		EC13F68125DD64F50019BAA0 /* LaunchScreen.storyboard */ = {
			isa = PBXVariantGroup;
			children = (
				EC13F68225DD64F50019BAA0 /* Base */,
			);
			name = LaunchScreen.storyboard;
			sourceTree = "<group>";
		};
/* End PBXVariantGroup section */

/* Begin XCBuildConfiguration section */
		EC13F68525DD64F50019BAA0 /* Debug */ = {
			isa = XCBuildConfiguration;
			buildSettings = {
				ALWAYS_SEARCH_USER_PATHS = NO;
				CLANG_ANALYZER_NONNULL = YES;
				CLANG_ANALYZER_NUMBER_OBJECT_CONVERSION = YES_AGGRESSIVE;
				CLANG_CXX_LANGUAGE_STANDARD = "gnu++14";
				CLANG_CXX_LIBRARY = "libc++";
				CLANG_ENABLE_MODULES = YES;
				CLANG_ENABLE_OBJC_ARC = YES;
				CLANG_ENABLE_OBJC_WEAK = YES;
				CLANG_WARN_BLOCK_CAPTURE_AUTORELEASING = YES;
				CLANG_WARN_BOOL_CONVERSION = YES;
				CLANG_WARN_COMMA = YES;
				CLANG_WARN_CONSTANT_CONVERSION = YES;
				CLANG_WARN_DEPRECATED_OBJC_IMPLEMENTATIONS = YES;
				CLANG_WARN_DIRECT_OBJC_ISA_USAGE = YES_ERROR;
				CLANG_WARN_DOCUMENTATION_COMMENTS = YES;
				CLANG_WARN_EMPTY_BODY = YES;
				CLANG_WARN_ENUM_CONVERSION = YES;
				CLANG_WARN_INFINITE_RECURSION = YES;
				CLANG_WARN_INT_CONVERSION = YES;
				CLANG_WARN_NON_LITERAL_NULL_CONVERSION = YES;
				CLANG_WARN_OBJC_IMPLICIT_RETAIN_SELF = YES;
				CLANG_WARN_OBJC_LITERAL_CONVERSION = YES;
				CLANG_WARN_OBJC_ROOT_CLASS = YES_ERROR;
				CLANG_WARN_QUOTED_INCLUDE_IN_FRAMEWORK_HEADER = YES;
				CLANG_WARN_RANGE_LOOP_ANALYSIS = YES;
				CLANG_WARN_STRICT_PROTOTYPES = YES;
				CLANG_WARN_SUSPICIOUS_MOVE = YES;
				CLANG_WARN_UNGUARDED_AVAILABILITY = YES_AGGRESSIVE;
				CLANG_WARN_UNREACHABLE_CODE = YES;
				CLANG_WARN__DUPLICATE_METHOD_MATCH = YES;
				COPY_PHASE_STRIP = NO;
				DEBUG_INFORMATION_FORMAT = dwarf;
				ENABLE_STRICT_OBJC_MSGSEND = YES;
				ENABLE_TESTABILITY = YES;
				GCC_C_LANGUAGE_STANDARD = gnu11;
				GCC_DYNAMIC_NO_PIC = NO;
				GCC_NO_COMMON_BLOCKS = YES;
				GCC_OPTIMIZATION_LEVEL = 0;
				GCC_PREPROCESSOR_DEFINITIONS = (
					"DEBUG=1",
					"$(inherited)",
				);
				GCC_WARN_64_TO_32_BIT_CONVERSION = YES;
				GCC_WARN_ABOUT_RETURN_TYPE = YES_ERROR;
				GCC_WARN_UNDECLARED_SELECTOR = YES;
				GCC_WARN_UNINITIALIZED_AUTOS = YES_AGGRESSIVE;
				GCC_WARN_UNUSED_FUNCTION = YES;
				GCC_WARN_UNUSED_VARIABLE = YES;
				IPHONEOS_DEPLOYMENT_TARGET = 14.3;
				MTL_ENABLE_DEBUG_INFO = INCLUDE_SOURCE;
				MTL_FAST_MATH = YES;
				ONLY_ACTIVE_ARCH = YES;
				SDKROOT = iphoneos;
				SWIFT_ACTIVE_COMPILATION_CONDITIONS = DEBUG;
				SWIFT_OPTIMIZATION_LEVEL = "-Onone";
			};
			name = Debug;
		};
		EC13F68625DD64F50019BAA0 /* Release */ = {
			isa = XCBuildConfiguration;
			buildSettings = {
				ALWAYS_SEARCH_USER_PATHS = NO;
				CLANG_ANALYZER_NONNULL = YES;
				CLANG_ANALYZER_NUMBER_OBJECT_CONVERSION = YES_AGGRESSIVE;
				CLANG_CXX_LANGUAGE_STANDARD = "gnu++14";
				CLANG_CXX_LIBRARY = "libc++";
				CLANG_ENABLE_MODULES = YES;
				CLANG_ENABLE_OBJC_ARC = YES;
				CLANG_ENABLE_OBJC_WEAK = YES;
				CLANG_WARN_BLOCK_CAPTURE_AUTORELEASING = YES;
				CLANG_WARN_BOOL_CONVERSION = YES;
				CLANG_WARN_COMMA = YES;
				CLANG_WARN_CONSTANT_CONVERSION = YES;
				CLANG_WARN_DEPRECATED_OBJC_IMPLEMENTATIONS = YES;
				CLANG_WARN_DIRECT_OBJC_ISA_USAGE = YES_ERROR;
				CLANG_WARN_DOCUMENTATION_COMMENTS = YES;
				CLANG_WARN_EMPTY_BODY = YES;
				CLANG_WARN_ENUM_CONVERSION = YES;
				CLANG_WARN_INFINITE_RECURSION = YES;
				CLANG_WARN_INT_CONVERSION = YES;
				CLANG_WARN_NON_LITERAL_NULL_CONVERSION = YES;
				CLANG_WARN_OBJC_IMPLICIT_RETAIN_SELF = YES;
				CLANG_WARN_OBJC_LITERAL_CONVERSION = YES;
				CLANG_WARN_OBJC_ROOT_CLASS = YES_ERROR;
				CLANG_WARN_QUOTED_INCLUDE_IN_FRAMEWORK_HEADER = YES;
				CLANG_WARN_RANGE_LOOP_ANALYSIS = YES;
				CLANG_WARN_STRICT_PROTOTYPES = YES;
				CLANG_WARN_SUSPICIOUS_MOVE = YES;
				CLANG_WARN_UNGUARDED_AVAILABILITY = YES_AGGRESSIVE;
				CLANG_WARN_UNREACHABLE_CODE = YES;
				CLANG_WARN__DUPLICATE_METHOD_MATCH = YES;
				COPY_PHASE_STRIP = NO;
				DEBUG_INFORMATION_FORMAT = "dwarf-with-dsym";
				ENABLE_NS_ASSERTIONS = NO;
				ENABLE_STRICT_OBJC_MSGSEND = YES;
				GCC_C_LANGUAGE_STANDARD = gnu11;
				GCC_NO_COMMON_BLOCKS = YES;
				GCC_WARN_64_TO_32_BIT_CONVERSION = YES;
				GCC_WARN_ABOUT_RETURN_TYPE = YES_ERROR;
				GCC_WARN_UNDECLARED_SELECTOR = YES;
				GCC_WARN_UNINITIALIZED_AUTOS = YES_AGGRESSIVE;
				GCC_WARN_UNUSED_FUNCTION = YES;
				GCC_WARN_UNUSED_VARIABLE = YES;
				IPHONEOS_DEPLOYMENT_TARGET = 14.3;
				MTL_ENABLE_DEBUG_INFO = NO;
				MTL_FAST_MATH = YES;
				SDKROOT = iphoneos;
				SWIFT_COMPILATION_MODE = wholemodule;
				SWIFT_OPTIMIZATION_LEVEL = "-O";
				VALIDATE_PRODUCT = YES;
			};
			name = Release;
		};
		EC13F68825DD64F50019BAA0 /* Debug */ = {
			isa = XCBuildConfiguration;
			buildSettings = {
				ASSETCATALOG_COMPILER_APPICON_NAME = AppIcon;
				ASSETCATALOG_COMPILER_GLOBAL_ACCENT_COLOR_NAME = AccentColor;
				CODE_SIGN_STYLE = Automatic;
				INFOPLIST_FILE = ispitDizajn/Info.plist;
				LD_RUNPATH_SEARCH_PATHS = (
					"$(inherited)",
					"@executable_path/Frameworks",
				);
				PRODUCT_BUNDLE_IDENTIFIER = demelopment.ispitDizajn;
				PRODUCT_NAME = "$(TARGET_NAME)";
				SWIFT_VERSION = 5.0;
				TARGETED_DEVICE_FAMILY = "1,2";
			};
			name = Debug;
		};
		EC13F68925DD64F50019BAA0 /* Release */ = {
			isa = XCBuildConfiguration;
			buildSettings = {
				ASSETCATALOG_COMPILER_APPICON_NAME = AppIcon;
				ASSETCATALOG_COMPILER_GLOBAL_ACCENT_COLOR_NAME = AccentColor;
				CODE_SIGN_STYLE = Automatic;
				INFOPLIST_FILE = ispitDizajn/Info.plist;
				LD_RUNPATH_SEARCH_PATHS = (
					"$(inherited)",
					"@executable_path/Frameworks",
				);
				PRODUCT_BUNDLE_IDENTIFIER = demelopment.ispitDizajn;
				PRODUCT_NAME = "$(TARGET_NAME)";
				SWIFT_VERSION = 5.0;
				TARGETED_DEVICE_FAMILY = "1,2";
			};
			name = Release;
		};
/* End XCBuildConfiguration section */

/* Begin XCConfigurationList section */
		EC13F66E25DD64F40019BAA0 /* Build configuration list for PBXProject "ispitDizajn" */ = {
			isa = XCConfigurationList;
			buildConfigurations = (
				EC13F68525DD64F50019BAA0 /* Debug */,
				EC13F68625DD64F50019BAA0 /* Release */,
			);
			defaultConfigurationIsVisible = 0;
			defaultConfigurationName = Release;
		};
		EC13F68725DD64F50019BAA0 /* Build configuration list for PBXNativeTarget "ispitDizajn" */ = {
			isa = XCConfigurationList;
			buildConfigurations = (
				EC13F68825DD64F50019BAA0 /* Debug */,
				EC13F68925DD64F50019BAA0 /* Release */,
			);
			defaultConfigurationIsVisible = 0;
			defaultConfigurationName = Release;
		};
/* End XCConfigurationList section */
	};
	rootObject = EC13F66B25DD64F40019BAA0 /* Project object */;
}
